
Microsoft Visual Studio Solution File, Format Version 12.00
# Visual Studio Version 17
VisualStudioVersion = 17.5.33502.453
MinimumVisualStudioVersion = 10.0.40219.1
Project("{9A19103F-16F7-4668-BE54-9A1E7A4F7556}") = "Download_API", "WebApplication6\Download_API.csproj", "{9AFEE557-9054-45CA-BDB0-419FABE54A79}"
EndProject
Global
	GlobalSection(SolutionConfigurationPlatforms) = preSolution
		Debug|Any CPU = Debug|Any CPU
		Release|Any CPU = Release|Any CPU
	EndGlobalSection
	GlobalSection(ProjectConfigurationPlatforms) = postSolution
		{9AFEE557-9054-45CA-BDB0-419FABE54A79}.Debug|Any CPU.ActiveCfg = Debug|Any CPU
		{9AFEE557-9054-45CA-BDB0-419FABE54A79}.Debug|Any CPU.Build.0 = Debug|Any CPU
		{9AFEE557-9054-45CA-BDB0-419FABE54A79}.Release|Any CPU.ActiveCfg = Release|Any CPU
		{9AFEE557-9054-45CA-BDB0-419FABE54A79}.Release|Any CPU.Build.0 = Release|Any CPU
	EndGlobalSection
	GlobalSection(SolutionProperties) = preSolution
		HideSolutionNode = FALSE
	EndGlobalSection
	GlobalSection(ExtensibilityGlobals) = postSolution
		SolutionGuid = {E672CF49-9004-488D-A587-D525068950BC}
	EndGlobalSection
EndGlobal
