
Microsoft Visual Studio Solution File, Format Version 12.00
# Visual Studio Version 17
VisualStudioVersion = 17.5.33502.453
MinimumVisualStudioVersion = 10.0.40219.1
Project("{FAE04EC0-301F-11D3-BF4B-00C04F79EFBC}") = "Plants", "Plants\Plants.csproj", "{2563738A-B907-4570-B0B6-DC03ED127DDE}"
EndProject
Global
	GlobalSection(SolutionConfigurationPlatforms) = preSolution
		Debug|Any CPU = Debug|Any CPU
		Release|Any CPU = Release|Any CPU
	EndGlobalSection
	GlobalSection(ProjectConfigurationPlatforms) = postSolution
		{2563738A-B907-4570-B0B6-DC03ED127DDE}.Debug|Any CPU.ActiveCfg = Debug|Any CPU
		{2563738A-B907-4570-B0B6-DC03ED127DDE}.Debug|Any CPU.Build.0 = Debug|Any CPU
		{2563738A-B907-4570-B0B6-DC03ED127DDE}.Release|Any CPU.ActiveCfg = Release|Any CPU
		{2563738A-B907-4570-B0B6-DC03ED127DDE}.Release|Any CPU.Build.0 = Release|Any CPU
	EndGlobalSection
	GlobalSection(SolutionProperties) = preSolution
		HideSolutionNode = FALSE
	EndGlobalSection
	GlobalSection(ExtensibilityGlobals) = postSolution
		SolutionGuid = {6CB0C5FD-7B3F-433D-83C2-08AD9EF4A41E}
	EndGlobalSection
EndGlobal
