
Microsoft Visual Studio Solution File, Format Version 12.00
# Visual Studio Version 17
VisualStudioVersion = 17.5.33502.453
MinimumVisualStudioVersion = 10.0.40219.1
Project("{FAE04EC0-301F-11D3-BF4B-00C04F79EFBC}") = "contactManager.UI", "contactManager\contactManager.UI.csproj", "{0D1F2ACA-7EAD-430D-BFE0-60546395891F}"
EndProject
Project("{2150E333-8FDC-42A3-9474-1A3956D46DE8}") = "Src", "Src", "{08E9B09C-9F6A-4A1F-B6C1-83DC8C6229E3}"
EndProject
Project("{2150E333-8FDC-42A3-9474-1A3956D46DE8}") = "Test", "Test", "{279914BF-11C5-4A9C-8EA2-C8FC85D99014}"
EndProject
Project("{FAE04EC0-301F-11D3-BF4B-00C04F79EFBC}") = "ContractManager.Core", "ContractManager.Core\ContractManager.Core.csproj", "{67AF4502-FE03-4A36-B9A3-F0E3F9EA24E6}"
EndProject
Global
	GlobalSection(SolutionConfigurationPlatforms) = preSolution
		Debug|Any CPU = Debug|Any CPU
		Release|Any CPU = Release|Any CPU
	EndGlobalSection
	GlobalSection(ProjectConfigurationPlatforms) = postSolution
		{0D1F2ACA-7EAD-430D-BFE0-60546395891F}.Debug|Any CPU.ActiveCfg = Debug|Any CPU
		{0D1F2ACA-7EAD-430D-BFE0-60546395891F}.Debug|Any CPU.Build.0 = Debug|Any CPU
		{0D1F2ACA-7EAD-430D-BFE0-60546395891F}.Release|Any CPU.ActiveCfg = Release|Any CPU
		{0D1F2ACA-7EAD-430D-BFE0-60546395891F}.Release|Any CPU.Build.0 = Release|Any CPU
		{67AF4502-FE03-4A36-B9A3-F0E3F9EA24E6}.Debug|Any CPU.ActiveCfg = Debug|Any CPU
		{67AF4502-FE03-4A36-B9A3-F0E3F9EA24E6}.Debug|Any CPU.Build.0 = Debug|Any CPU
		{67AF4502-FE03-4A36-B9A3-F0E3F9EA24E6}.Release|Any CPU.ActiveCfg = Release|Any CPU
		{67AF4502-FE03-4A36-B9A3-F0E3F9EA24E6}.Release|Any CPU.Build.0 = Release|Any CPU
	EndGlobalSection
	GlobalSection(SolutionProperties) = preSolution
		HideSolutionNode = FALSE
	EndGlobalSection
	GlobalSection(NestedProjects) = preSolution
		{0D1F2ACA-7EAD-430D-BFE0-60546395891F} = {08E9B09C-9F6A-4A1F-B6C1-83DC8C6229E3}
		{67AF4502-FE03-4A36-B9A3-F0E3F9EA24E6} = {08E9B09C-9F6A-4A1F-B6C1-83DC8C6229E3}
	EndGlobalSection
	GlobalSection(ExtensibilityGlobals) = postSolution
		SolutionGuid = {6A82382A-7499-436E-9869-92B2DC269A5E}
	EndGlobalSection
EndGlobal
