
Microsoft Visual Studio Solution File, Format Version 12.00
# Visual Studio Version 17
VisualStudioVersion = 17.5.33502.453
MinimumVisualStudioVersion = 10.0.40219.1
Project("{FAE04EC0-301F-11D3-BF4B-00C04F79EFBC}") = "Intalio_Task", "Intalio_Task\Intalio_Task.csproj", "{0B642F74-6632-4FAB-A512-8CD142BBF30D}"
EndProject
Global
	GlobalSection(SolutionConfigurationPlatforms) = preSolution
		Debug|Any CPU = Debug|Any CPU
		Release|Any CPU = Release|Any CPU
	EndGlobalSection
	GlobalSection(ProjectConfigurationPlatforms) = postSolution
		{0B642F74-6632-4FAB-A512-8CD142BBF30D}.Debug|Any CPU.ActiveCfg = Debug|Any CPU
		{0B642F74-6632-4FAB-A512-8CD142BBF30D}.Debug|Any CPU.Build.0 = Debug|Any CPU
		{0B642F74-6632-4FAB-A512-8CD142BBF30D}.Release|Any CPU.ActiveCfg = Release|Any CPU
		{0B642F74-6632-4FAB-A512-8CD142BBF30D}.Release|Any CPU.Build.0 = Release|Any CPU
	EndGlobalSection
	GlobalSection(SolutionProperties) = preSolution
		HideSolutionNode = FALSE
	EndGlobalSection
	GlobalSection(ExtensibilityGlobals) = postSolution
		SolutionGuid = {FC66D65A-286F-4EC9-925B-74858409165A}
	EndGlobalSection
EndGlobal
