
Microsoft Visual Studio Solution File, Format Version 12.00
# Visual Studio Version 17
VisualStudioVersion = 17.5.33502.453
MinimumVisualStudioVersion = 10.0.40219.1
Project("{FAE04EC0-301F-11D3-BF4B-00C04F79EFBC}") = "BDO-Task", "BDO-Task\BDO-Task.csproj", "{52B38802-B492-41A4-9ED4-DCE2E30B1BCB}"
EndProject
Global
	GlobalSection(SolutionConfigurationPlatforms) = preSolution
		Debug|Any CPU = Debug|Any CPU
		Release|Any CPU = Release|Any CPU
	EndGlobalSection
	GlobalSection(ProjectConfigurationPlatforms) = postSolution
		{52B38802-B492-41A4-9ED4-DCE2E30B1BCB}.Debug|Any CPU.ActiveCfg = Debug|Any CPU
		{52B38802-B492-41A4-9ED4-DCE2E30B1BCB}.Debug|Any CPU.Build.0 = Debug|Any CPU
		{52B38802-B492-41A4-9ED4-DCE2E30B1BCB}.Release|Any CPU.ActiveCfg = Release|Any CPU
		{52B38802-B492-41A4-9ED4-DCE2E30B1BCB}.Release|Any CPU.Build.0 = Release|Any CPU
	EndGlobalSection
	GlobalSection(SolutionProperties) = preSolution
		HideSolutionNode = FALSE
	EndGlobalSection
	GlobalSection(ExtensibilityGlobals) = postSolution
		SolutionGuid = {8C51F0D7-3FCB-4F9F-80AB-22088E3ADC18}
	EndGlobalSection
EndGlobal
