
Microsoft Visual Studio Solution File, Format Version 12.00
# Visual Studio Version 17
VisualStudioVersion = 17.5.33502.453
MinimumVisualStudioVersion = 10.0.40219.1
Project("{FAE04EC0-301F-11D3-BF4B-00C04F79EFBC}") = "BDOTASK1", "BDOTASK1\BDOTASK1.csproj", "{D92B0BF5-8867-4E55-9C5D-79083D68D384}"
EndProject
Global
	GlobalSection(SolutionConfigurationPlatforms) = preSolution
		Debug|Any CPU = Debug|Any CPU
		Release|Any CPU = Release|Any CPU
	EndGlobalSection
	GlobalSection(ProjectConfigurationPlatforms) = postSolution
		{D92B0BF5-8867-4E55-9C5D-79083D68D384}.Debug|Any CPU.ActiveCfg = Debug|Any CPU
		{D92B0BF5-8867-4E55-9C5D-79083D68D384}.Debug|Any CPU.Build.0 = Debug|Any CPU
		{D92B0BF5-8867-4E55-9C5D-79083D68D384}.Release|Any CPU.ActiveCfg = Release|Any CPU
		{D92B0BF5-8867-4E55-9C5D-79083D68D384}.Release|Any CPU.Build.0 = Release|Any CPU
	EndGlobalSection
	GlobalSection(SolutionProperties) = preSolution
		HideSolutionNode = FALSE
	EndGlobalSection
	GlobalSection(ExtensibilityGlobals) = postSolution
		SolutionGuid = {53AE6F93-5FAA-4A89-B61A-FF868A6B6357}
	EndGlobalSection
EndGlobal
