
Microsoft Visual Studio Solution File, Format Version 12.00
# Visual Studio Version 17
VisualStudioVersion = 17.5.33502.453
MinimumVisualStudioVersion = 10.0.40219.1
Project("{FAE04EC0-301F-11D3-BF4B-00C04F79EFBC}") = "WebApplication10", "WebApplication10\WebApplication10.csproj", "{896CF801-EAF8-45CB-AE4D-BD9B979ECDB4}"
EndProject
Project("{FAE04EC0-301F-11D3-BF4B-00C04F79EFBC}") = "DAL", "DAL\DAL.csproj", "{C3E2086B-4819-4BE9-8DAD-1755A12124ED}"
EndProject
Project("{FAE04EC0-301F-11D3-BF4B-00C04F79EFBC}") = "Core", "Core\Core.csproj", "{B16D9A56-F72B-447E-A3C0-FE2960BAC1A1}"
EndProject
Global
	GlobalSection(SolutionConfigurationPlatforms) = preSolution
		Debug|Any CPU = Debug|Any CPU
		Release|Any CPU = Release|Any CPU
	EndGlobalSection
	GlobalSection(ProjectConfigurationPlatforms) = postSolution
		{896CF801-EAF8-45CB-AE4D-BD9B979ECDB4}.Debug|Any CPU.ActiveCfg = Debug|Any CPU
		{896CF801-EAF8-45CB-AE4D-BD9B979ECDB4}.Debug|Any CPU.Build.0 = Debug|Any CPU
		{896CF801-EAF8-45CB-AE4D-BD9B979ECDB4}.Release|Any CPU.ActiveCfg = Release|Any CPU
		{896CF801-EAF8-45CB-AE4D-BD9B979ECDB4}.Release|Any CPU.Build.0 = Release|Any CPU
		{C3E2086B-4819-4BE9-8DAD-1755A12124ED}.Debug|Any CPU.ActiveCfg = Debug|Any CPU
		{C3E2086B-4819-4BE9-8DAD-1755A12124ED}.Debug|Any CPU.Build.0 = Debug|Any CPU
		{C3E2086B-4819-4BE9-8DAD-1755A12124ED}.Release|Any CPU.ActiveCfg = Release|Any CPU
		{C3E2086B-4819-4BE9-8DAD-1755A12124ED}.Release|Any CPU.Build.0 = Release|Any CPU
		{B16D9A56-F72B-447E-A3C0-FE2960BAC1A1}.Debug|Any CPU.ActiveCfg = Debug|Any CPU
		{B16D9A56-F72B-447E-A3C0-FE2960BAC1A1}.Debug|Any CPU.Build.0 = Debug|Any CPU
		{B16D9A56-F72B-447E-A3C0-FE2960BAC1A1}.Release|Any CPU.ActiveCfg = Release|Any CPU
		{B16D9A56-F72B-447E-A3C0-FE2960BAC1A1}.Release|Any CPU.Build.0 = Release|Any CPU
	EndGlobalSection
	GlobalSection(SolutionProperties) = preSolution
		HideSolutionNode = FALSE
	EndGlobalSection
	GlobalSection(ExtensibilityGlobals) = postSolution
		SolutionGuid = {61B525BF-696E-4265-9849-F6C43D9580B9}
	EndGlobalSection
EndGlobal
