
Microsoft Visual Studio Solution File, Format Version 12.00
# Visual Studio Version 17
VisualStudioVersion = 17.5.33502.453
MinimumVisualStudioVersion = 10.0.40219.1
Project("{FAE04EC0-301F-11D3-BF4B-00C04F79EFBC}") = "ConsoleApp18", "ConsoleApp18\ConsoleApp18.csproj", "{D7EAB0BD-282D-48C9-B0D2-CCB86BBBEB0A}"
EndProject
Global
	GlobalSection(SolutionConfigurationPlatforms) = preSolution
		Debug|Any CPU = Debug|Any CPU
		Release|Any CPU = Release|Any CPU
	EndGlobalSection
	GlobalSection(ProjectConfigurationPlatforms) = postSolution
		{D7EAB0BD-282D-48C9-B0D2-CCB86BBBEB0A}.Debug|Any CPU.ActiveCfg = Debug|Any CPU
		{D7EAB0BD-282D-48C9-B0D2-CCB86BBBEB0A}.Debug|Any CPU.Build.0 = Debug|Any CPU
		{D7EAB0BD-282D-48C9-B0D2-CCB86BBBEB0A}.Release|Any CPU.ActiveCfg = Release|Any CPU
		{D7EAB0BD-282D-48C9-B0D2-CCB86BBBEB0A}.Release|Any CPU.Build.0 = Release|Any CPU
	EndGlobalSection
	GlobalSection(SolutionProperties) = preSolution
		HideSolutionNode = FALSE
	EndGlobalSection
	GlobalSection(ExtensibilityGlobals) = postSolution
		SolutionGuid = {25B33F00-0202-4B6C-82EC-7C2EC42B3BC4}
	EndGlobalSection
EndGlobal
