
Microsoft Visual Studio Solution File, Format Version 12.00
# Visual Studio Version 17
VisualStudioVersion = 17.5.33502.453
MinimumVisualStudioVersion = 10.0.40219.1
Project("{FAE04EC0-301F-11D3-BF4B-00C04F79EFBC}") = "WebApplication8", "WebApplication8\WebApplication8.csproj", "{B70E450E-76B9-4F64-BA00-1A53D045835A}"
EndProject
Global
	GlobalSection(SolutionConfigurationPlatforms) = preSolution
		Debug|Any CPU = Debug|Any CPU
		Release|Any CPU = Release|Any CPU
	EndGlobalSection
	GlobalSection(ProjectConfigurationPlatforms) = postSolution
		{B70E450E-76B9-4F64-BA00-1A53D045835A}.Debug|Any CPU.ActiveCfg = Debug|Any CPU
		{B70E450E-76B9-4F64-BA00-1A53D045835A}.Debug|Any CPU.Build.0 = Debug|Any CPU
		{B70E450E-76B9-4F64-BA00-1A53D045835A}.Release|Any CPU.ActiveCfg = Release|Any CPU
		{B70E450E-76B9-4F64-BA00-1A53D045835A}.Release|Any CPU.Build.0 = Release|Any CPU
	EndGlobalSection
	GlobalSection(SolutionProperties) = preSolution
		HideSolutionNode = FALSE
	EndGlobalSection
	GlobalSection(ExtensibilityGlobals) = postSolution
		SolutionGuid = {DC72D7CA-051A-4BB5-931C-69495221EC62}
	EndGlobalSection
EndGlobal
