
Microsoft Visual Studio Solution File, Format Version 12.00
# Visual Studio Version 17
VisualStudioVersion = 17.5.33502.453
MinimumVisualStudioVersion = 10.0.40219.1
Project("{FAE04EC0-301F-11D3-BF4B-00C04F79EFBC}") = "Second_LeranCore", "Second_LeranCore\Second_LeranCore.csproj", "{08314E65-B581-44C7-B437-4C91F3FBC365}"
EndProject
Global
	GlobalSection(SolutionConfigurationPlatforms) = preSolution
		Debug|Any CPU = Debug|Any CPU
		Release|Any CPU = Release|Any CPU
	EndGlobalSection
	GlobalSection(ProjectConfigurationPlatforms) = postSolution
		{08314E65-B581-44C7-B437-4C91F3FBC365}.Debug|Any CPU.ActiveCfg = Debug|Any CPU
		{08314E65-B581-44C7-B437-4C91F3FBC365}.Debug|Any CPU.Build.0 = Debug|Any CPU
		{08314E65-B581-44C7-B437-4C91F3FBC365}.Release|Any CPU.ActiveCfg = Release|Any CPU
		{08314E65-B581-44C7-B437-4C91F3FBC365}.Release|Any CPU.Build.0 = Release|Any CPU
	EndGlobalSection
	GlobalSection(SolutionProperties) = preSolution
		HideSolutionNode = FALSE
	EndGlobalSection
	GlobalSection(ExtensibilityGlobals) = postSolution
		SolutionGuid = {D4238590-56B2-45F3-AA58-FA78CC426690}
	EndGlobalSection
EndGlobal
