
Microsoft Visual Studio Solution File, Format Version 12.00
# Visual Studio Version 17
VisualStudioVersion = 17.5.33502.453
MinimumVisualStudioVersion = 10.0.40219.1
Project("{FAE04EC0-301F-11D3-BF4B-00C04F79EFBC}") = "WebApplication14", "WebApplication14\WebApplication14.csproj", "{CEA0E681-028A-47F1-B031-C95B89317B53}"
EndProject
Global
	GlobalSection(SolutionConfigurationPlatforms) = preSolution
		Debug|Any CPU = Debug|Any CPU
		Release|Any CPU = Release|Any CPU
	EndGlobalSection
	GlobalSection(ProjectConfigurationPlatforms) = postSolution
		{CEA0E681-028A-47F1-B031-C95B89317B53}.Debug|Any CPU.ActiveCfg = Debug|Any CPU
		{CEA0E681-028A-47F1-B031-C95B89317B53}.Debug|Any CPU.Build.0 = Debug|Any CPU
		{CEA0E681-028A-47F1-B031-C95B89317B53}.Release|Any CPU.ActiveCfg = Release|Any CPU
		{CEA0E681-028A-47F1-B031-C95B89317B53}.Release|Any CPU.Build.0 = Release|Any CPU
	EndGlobalSection
	GlobalSection(SolutionProperties) = preSolution
		HideSolutionNode = FALSE
	EndGlobalSection
	GlobalSection(ExtensibilityGlobals) = postSolution
		SolutionGuid = {557ED0F2-702B-4164-A2A9-05DF51207D60}
	EndGlobalSection
EndGlobal
