
Microsoft Visual Studio Solution File, Format Version 12.00
# Visual Studio Version 17
VisualStudioVersion = 17.5.33502.453
MinimumVisualStudioVersion = 10.0.40219.1
Project("{FAE04EC0-301F-11D3-BF4B-00C04F79EFBC}") = "WebForm2", "WebForm2\WebForm2.csproj", "{BC1531A4-79CF-4995-9284-AAD1BC0A10BE}"
EndProject
Global
	GlobalSection(SolutionConfigurationPlatforms) = preSolution
		Debug|Any CPU = Debug|Any CPU
		Release|Any CPU = Release|Any CPU
	EndGlobalSection
	GlobalSection(ProjectConfigurationPlatforms) = postSolution
		{BC1531A4-79CF-4995-9284-AAD1BC0A10BE}.Debug|Any CPU.ActiveCfg = Debug|Any CPU
		{BC1531A4-79CF-4995-9284-AAD1BC0A10BE}.Debug|Any CPU.Build.0 = Debug|Any CPU
		{BC1531A4-79CF-4995-9284-AAD1BC0A10BE}.Release|Any CPU.ActiveCfg = Release|Any CPU
		{BC1531A4-79CF-4995-9284-AAD1BC0A10BE}.Release|Any CPU.Build.0 = Release|Any CPU
	EndGlobalSection
	GlobalSection(SolutionProperties) = preSolution
		HideSolutionNode = FALSE
	EndGlobalSection
	GlobalSection(ExtensibilityGlobals) = postSolution
		SolutionGuid = {A893BA80-D1D1-4768-93E4-D8BB964CE11C}
	EndGlobalSection
EndGlobal
