
Microsoft Visual Studio Solution File, Format Version 12.00
# Visual Studio Version 17
VisualStudioVersion = 17.5.33502.453
MinimumVisualStudioVersion = 10.0.40219.1
Project("{FAE04EC0-301F-11D3-BF4B-00C04F79EFBC}") = "APIMovies2", "APIMovies2\APIMovies2.csproj", "{201B3B7E-8E5A-4FAC-85F1-E163F5BB6CCE}"
EndProject
Global
	GlobalSection(SolutionConfigurationPlatforms) = preSolution
		Debug|Any CPU = Debug|Any CPU
		Release|Any CPU = Release|Any CPU
	EndGlobalSection
	GlobalSection(ProjectConfigurationPlatforms) = postSolution
		{201B3B7E-8E5A-4FAC-85F1-E163F5BB6CCE}.Debug|Any CPU.ActiveCfg = Debug|Any CPU
		{201B3B7E-8E5A-4FAC-85F1-E163F5BB6CCE}.Debug|Any CPU.Build.0 = Debug|Any CPU
		{201B3B7E-8E5A-4FAC-85F1-E163F5BB6CCE}.Release|Any CPU.ActiveCfg = Release|Any CPU
		{201B3B7E-8E5A-4FAC-85F1-E163F5BB6CCE}.Release|Any CPU.Build.0 = Release|Any CPU
	EndGlobalSection
	GlobalSection(SolutionProperties) = preSolution
		HideSolutionNode = FALSE
	EndGlobalSection
	GlobalSection(ExtensibilityGlobals) = postSolution
		SolutionGuid = {973BBF91-3369-4CCF-983F-677D46F2DACC}
	EndGlobalSection
EndGlobal
