
Microsoft Visual Studio Solution File, Format Version 12.00
# Visual Studio Version 17
VisualStudioVersion = 17.5.33502.453
MinimumVisualStudioVersion = 10.0.40219.1
Project("{FAE04EC0-301F-11D3-BF4B-00C04F79EFBC}") = "MSTART_Task", "MSTART_Task\MSTART_Task.csproj", "{6A4898EC-9377-4DC5-A2D6-86CE5FBC899D}"
EndProject
Global
	GlobalSection(SolutionConfigurationPlatforms) = preSolution
		Debug|Any CPU = Debug|Any CPU
		Release|Any CPU = Release|Any CPU
	EndGlobalSection
	GlobalSection(ProjectConfigurationPlatforms) = postSolution
		{6A4898EC-9377-4DC5-A2D6-86CE5FBC899D}.Debug|Any CPU.ActiveCfg = Debug|Any CPU
		{6A4898EC-9377-4DC5-A2D6-86CE5FBC899D}.Debug|Any CPU.Build.0 = Debug|Any CPU
		{6A4898EC-9377-4DC5-A2D6-86CE5FBC899D}.Release|Any CPU.ActiveCfg = Release|Any CPU
		{6A4898EC-9377-4DC5-A2D6-86CE5FBC899D}.Release|Any CPU.Build.0 = Release|Any CPU
	EndGlobalSection
	GlobalSection(SolutionProperties) = preSolution
		HideSolutionNode = FALSE
	EndGlobalSection
	GlobalSection(ExtensibilityGlobals) = postSolution
		SolutionGuid = {065C5A77-7B24-41DD-A7EF-A25B6777FB81}
	EndGlobalSection
EndGlobal
