
Microsoft Visual Studio Solution File, Format Version 12.00
# Visual Studio Version 17
VisualStudioVersion = 17.5.33502.453
MinimumVisualStudioVersion = 10.0.40219.1
Project("{FAE04EC0-301F-11D3-BF4B-00C04F79EFBC}") = "second_Learn", "second_Learn\second_Learn.csproj", "{343175B4-D764-4301-80C5-41609DF97857}"
EndProject
Global
	GlobalSection(SolutionConfigurationPlatforms) = preSolution
		Debug|Any CPU = Debug|Any CPU
		Release|Any CPU = Release|Any CPU
	EndGlobalSection
	GlobalSection(ProjectConfigurationPlatforms) = postSolution
		{343175B4-D764-4301-80C5-41609DF97857}.Debug|Any CPU.ActiveCfg = Debug|Any CPU
		{343175B4-D764-4301-80C5-41609DF97857}.Debug|Any CPU.Build.0 = Debug|Any CPU
		{343175B4-D764-4301-80C5-41609DF97857}.Release|Any CPU.ActiveCfg = Release|Any CPU
		{343175B4-D764-4301-80C5-41609DF97857}.Release|Any CPU.Build.0 = Release|Any CPU
	EndGlobalSection
	GlobalSection(SolutionProperties) = preSolution
		HideSolutionNode = FALSE
	EndGlobalSection
	GlobalSection(ExtensibilityGlobals) = postSolution
		SolutionGuid = {EEDC0089-1A98-4481-A330-CEDD53DF6A83}
	EndGlobalSection
EndGlobal
