
Microsoft Visual Studio Solution File, Format Version 12.00
# Visual Studio Version 17
VisualStudioVersion = 17.5.33502.453
MinimumVisualStudioVersion = 10.0.40219.1
Project("{FAE04EC0-301F-11D3-BF4B-00C04F79EFBC}") = "test2", "test2\test2.csproj", "{22A63D93-593A-461D-8C24-C5B557E6C379}"
EndProject
Global
	GlobalSection(SolutionConfigurationPlatforms) = preSolution
		Debug|Any CPU = Debug|Any CPU
		Release|Any CPU = Release|Any CPU
	EndGlobalSection
	GlobalSection(ProjectConfigurationPlatforms) = postSolution
		{22A63D93-593A-461D-8C24-C5B557E6C379}.Debug|Any CPU.ActiveCfg = Debug|Any CPU
		{22A63D93-593A-461D-8C24-C5B557E6C379}.Debug|Any CPU.Build.0 = Debug|Any CPU
		{22A63D93-593A-461D-8C24-C5B557E6C379}.Release|Any CPU.ActiveCfg = Release|Any CPU
		{22A63D93-593A-461D-8C24-C5B557E6C379}.Release|Any CPU.Build.0 = Release|Any CPU
	EndGlobalSection
	GlobalSection(SolutionProperties) = preSolution
		HideSolutionNode = FALSE
	EndGlobalSection
	GlobalSection(ExtensibilityGlobals) = postSolution
		SolutionGuid = {B0996EC9-C3F0-4644-AAA1-5D1ED7D9B242}
	EndGlobalSection
EndGlobal
