
Microsoft Visual Studio Solution File, Format Version 12.00
# Visual Studio Version 17
VisualStudioVersion = 17.5.33502.453
MinimumVisualStudioVersion = 10.0.40219.1
Project("{FAE04EC0-301F-11D3-BF4B-00C04F79EFBC}") = "MVCRepositry", "MVCRepositry\MVCRepositry.csproj", "{740FE81C-E0B1-42F6-A50B-A61116F6EE45}"
EndProject
Project("{FAE04EC0-301F-11D3-BF4B-00C04F79EFBC}") = "DAL", "DAL\DAL.csproj", "{76C3C639-3CFF-456F-A75D-30F0F155C13A}"
EndProject
Project("{FAE04EC0-301F-11D3-BF4B-00C04F79EFBC}") = "Core", "Core\Core.csproj", "{341B2A2E-3E9C-4DBD-9B5E-A684819316FD}"
EndProject
Global
	GlobalSection(SolutionConfigurationPlatforms) = preSolution
		Debug|Any CPU = Debug|Any CPU
		Release|Any CPU = Release|Any CPU
	EndGlobalSection
	GlobalSection(ProjectConfigurationPlatforms) = postSolution
		{740FE81C-E0B1-42F6-A50B-A61116F6EE45}.Debug|Any CPU.ActiveCfg = Debug|Any CPU
		{740FE81C-E0B1-42F6-A50B-A61116F6EE45}.Debug|Any CPU.Build.0 = Debug|Any CPU
		{740FE81C-E0B1-42F6-A50B-A61116F6EE45}.Release|Any CPU.ActiveCfg = Release|Any CPU
		{740FE81C-E0B1-42F6-A50B-A61116F6EE45}.Release|Any CPU.Build.0 = Release|Any CPU
		{76C3C639-3CFF-456F-A75D-30F0F155C13A}.Debug|Any CPU.ActiveCfg = Debug|Any CPU
		{76C3C639-3CFF-456F-A75D-30F0F155C13A}.Debug|Any CPU.Build.0 = Debug|Any CPU
		{76C3C639-3CFF-456F-A75D-30F0F155C13A}.Release|Any CPU.ActiveCfg = Release|Any CPU
		{76C3C639-3CFF-456F-A75D-30F0F155C13A}.Release|Any CPU.Build.0 = Release|Any CPU
		{341B2A2E-3E9C-4DBD-9B5E-A684819316FD}.Debug|Any CPU.ActiveCfg = Debug|Any CPU
		{341B2A2E-3E9C-4DBD-9B5E-A684819316FD}.Debug|Any CPU.Build.0 = Debug|Any CPU
		{341B2A2E-3E9C-4DBD-9B5E-A684819316FD}.Release|Any CPU.ActiveCfg = Release|Any CPU
		{341B2A2E-3E9C-4DBD-9B5E-A684819316FD}.Release|Any CPU.Build.0 = Release|Any CPU
	EndGlobalSection
	GlobalSection(SolutionProperties) = preSolution
		HideSolutionNode = FALSE
	EndGlobalSection
	GlobalSection(ExtensibilityGlobals) = postSolution
		SolutionGuid = {8D2914C2-91D6-4FBC-B0EF-EFEA2321C719}
	EndGlobalSection
EndGlobal
