
Microsoft Visual Studio Solution File, Format Version 12.00
# Visual Studio Version 17
VisualStudioVersion = 17.5.33502.453
MinimumVisualStudioVersion = 10.0.40219.1
Project("{FAE04EC0-301F-11D3-BF4B-00C04F79EFBC}") = "Mstartt_Task", "Mstartt_Task\Mstartt_Task.csproj", "{A8452994-50C0-47AD-8B95-0CD88C8A2750}"
EndProject
Global
	GlobalSection(SolutionConfigurationPlatforms) = preSolution
		Debug|Any CPU = Debug|Any CPU
		Release|Any CPU = Release|Any CPU
	EndGlobalSection
	GlobalSection(ProjectConfigurationPlatforms) = postSolution
		{A8452994-50C0-47AD-8B95-0CD88C8A2750}.Debug|Any CPU.ActiveCfg = Debug|Any CPU
		{A8452994-50C0-47AD-8B95-0CD88C8A2750}.Debug|Any CPU.Build.0 = Debug|Any CPU
		{A8452994-50C0-47AD-8B95-0CD88C8A2750}.Release|Any CPU.ActiveCfg = Release|Any CPU
		{A8452994-50C0-47AD-8B95-0CD88C8A2750}.Release|Any CPU.Build.0 = Release|Any CPU
	EndGlobalSection
	GlobalSection(SolutionProperties) = preSolution
		HideSolutionNode = FALSE
	EndGlobalSection
	GlobalSection(ExtensibilityGlobals) = postSolution
		SolutionGuid = {032792E2-222F-4650-997B-8F1298208B89}
	EndGlobalSection
EndGlobal
