
Microsoft Visual Studio Solution File, Format Version 12.00
# Visual Studio Version 17
VisualStudioVersion = 17.5.33502.453
MinimumVisualStudioVersion = 10.0.40219.1
Project("{FAE04EC0-301F-11D3-BF4B-00C04F79EFBC}") = "OOPprac100", "OOPprac100\OOPprac100.csproj", "{58895EB9-741E-4750-8BC1-D31F9F3626DC}"
EndProject
Project("{FAE04EC0-301F-11D3-BF4B-00C04F79EFBC}") = "ConsoleApp1", "ConsoleApp1\ConsoleApp1.csproj", "{6A963021-19D1-4239-A4DB-D2C82ED80E70}"
EndProject
Project("{FAE04EC0-301F-11D3-BF4B-00C04F79EFBC}") = "WithInterface", "WithInterface\WithInterface.csproj", "{A6F74E49-3D6E-433C-9CAB-30A764AD8F4B}"
EndProject
Project("{FAE04EC0-301F-11D3-BF4B-00C04F79EFBC}") = "Polymorephism", "Polymorephism\Polymorephism.csproj", "{424B7925-3E2F-4864-AFB6-38825E5FF91F}"
EndProject
Project("{FAE04EC0-301F-11D3-BF4B-00C04F79EFBC}") = "Inhertance", "Inhertance\Inhertance.csproj", "{CF3F1F9C-D6EC-446C-8951-1A52F9375458}"
EndProject
Global
	GlobalSection(SolutionConfigurationPlatforms) = preSolution
		Debug|Any CPU = Debug|Any CPU
		Release|Any CPU = Release|Any CPU
	EndGlobalSection
	GlobalSection(ProjectConfigurationPlatforms) = postSolution
		{58895EB9-741E-4750-8BC1-D31F9F3626DC}.Debug|Any CPU.ActiveCfg = Debug|Any CPU
		{58895EB9-741E-4750-8BC1-D31F9F3626DC}.Debug|Any CPU.Build.0 = Debug|Any CPU
		{58895EB9-741E-4750-8BC1-D31F9F3626DC}.Release|Any CPU.ActiveCfg = Release|Any CPU
		{58895EB9-741E-4750-8BC1-D31F9F3626DC}.Release|Any CPU.Build.0 = Release|Any CPU
		{6A963021-19D1-4239-A4DB-D2C82ED80E70}.Debug|Any CPU.ActiveCfg = Debug|Any CPU
		{6A963021-19D1-4239-A4DB-D2C82ED80E70}.Debug|Any CPU.Build.0 = Debug|Any CPU
		{6A963021-19D1-4239-A4DB-D2C82ED80E70}.Release|Any CPU.ActiveCfg = Release|Any CPU
		{6A963021-19D1-4239-A4DB-D2C82ED80E70}.Release|Any CPU.Build.0 = Release|Any CPU
		{A6F74E49-3D6E-433C-9CAB-30A764AD8F4B}.Debug|Any CPU.ActiveCfg = Debug|Any CPU
		{A6F74E49-3D6E-433C-9CAB-30A764AD8F4B}.Debug|Any CPU.Build.0 = Debug|Any CPU
		{A6F74E49-3D6E-433C-9CAB-30A764AD8F4B}.Release|Any CPU.ActiveCfg = Release|Any CPU
		{A6F74E49-3D6E-433C-9CAB-30A764AD8F4B}.Release|Any CPU.Build.0 = Release|Any CPU
		{424B7925-3E2F-4864-AFB6-38825E5FF91F}.Debug|Any CPU.ActiveCfg = Debug|Any CPU
		{424B7925-3E2F-4864-AFB6-38825E5FF91F}.Debug|Any CPU.Build.0 = Debug|Any CPU
		{424B7925-3E2F-4864-AFB6-38825E5FF91F}.Release|Any CPU.ActiveCfg = Release|Any CPU
		{424B7925-3E2F-4864-AFB6-38825E5FF91F}.Release|Any CPU.Build.0 = Release|Any CPU
		{CF3F1F9C-D6EC-446C-8951-1A52F9375458}.Debug|Any CPU.ActiveCfg = Debug|Any CPU
		{CF3F1F9C-D6EC-446C-8951-1A52F9375458}.Debug|Any CPU.Build.0 = Debug|Any CPU
		{CF3F1F9C-D6EC-446C-8951-1A52F9375458}.Release|Any CPU.ActiveCfg = Release|Any CPU
		{CF3F1F9C-D6EC-446C-8951-1A52F9375458}.Release|Any CPU.Build.0 = Release|Any CPU
	EndGlobalSection
	GlobalSection(SolutionProperties) = preSolution
		HideSolutionNode = FALSE
	EndGlobalSection
	GlobalSection(ExtensibilityGlobals) = postSolution
		SolutionGuid = {26488342-B072-461E-9174-79D3290D199D}
	EndGlobalSection
EndGlobal
