
Microsoft Visual Studio Solution File, Format Version 12.00
# Visual Studio Version 17
VisualStudioVersion = 17.5.33502.453
MinimumVisualStudioVersion = 10.0.40219.1
Project("{FAE04EC0-301F-11D3-BF4B-00C04F79EFBC}") = "Task1_BDO", "Task1_BDO\Task1_BDO.csproj", "{153538ED-43B7-42C1-B5AC-6F3A823085BB}"
EndProject
Global
	GlobalSection(SolutionConfigurationPlatforms) = preSolution
		Debug|Any CPU = Debug|Any CPU
		Release|Any CPU = Release|Any CPU
	EndGlobalSection
	GlobalSection(ProjectConfigurationPlatforms) = postSolution
		{153538ED-43B7-42C1-B5AC-6F3A823085BB}.Debug|Any CPU.ActiveCfg = Debug|Any CPU
		{153538ED-43B7-42C1-B5AC-6F3A823085BB}.Debug|Any CPU.Build.0 = Debug|Any CPU
		{153538ED-43B7-42C1-B5AC-6F3A823085BB}.Release|Any CPU.ActiveCfg = Release|Any CPU
		{153538ED-43B7-42C1-B5AC-6F3A823085BB}.Release|Any CPU.Build.0 = Release|Any CPU
	EndGlobalSection
	GlobalSection(SolutionProperties) = preSolution
		HideSolutionNode = FALSE
	EndGlobalSection
	GlobalSection(ExtensibilityGlobals) = postSolution
		SolutionGuid = {02E6020F-1C69-4678-8A32-F38915900878}
	EndGlobalSection
EndGlobal
