
Microsoft Visual Studio Solution File, Format Version 12.00
# Visual Studio Version 17
VisualStudioVersion = 17.5.33502.453
MinimumVisualStudioVersion = 10.0.40219.1
Project("{FAE04EC0-301F-11D3-BF4B-00C04F79EFBC}") = "API", "API\API.csproj", "{7DF1B7E5-5473-4223-BD68-8EAEC65760CD}"
EndProject
Global
	GlobalSection(SolutionConfigurationPlatforms) = preSolution
		Debug|Any CPU = Debug|Any CPU
		Release|Any CPU = Release|Any CPU
	EndGlobalSection
	GlobalSection(ProjectConfigurationPlatforms) = postSolution
		{7DF1B7E5-5473-4223-BD68-8EAEC65760CD}.Debug|Any CPU.ActiveCfg = Debug|Any CPU
		{7DF1B7E5-5473-4223-BD68-8EAEC65760CD}.Debug|Any CPU.Build.0 = Debug|Any CPU
		{7DF1B7E5-5473-4223-BD68-8EAEC65760CD}.Release|Any CPU.ActiveCfg = Release|Any CPU
		{7DF1B7E5-5473-4223-BD68-8EAEC65760CD}.Release|Any CPU.Build.0 = Release|Any CPU
	EndGlobalSection
	GlobalSection(SolutionProperties) = preSolution
		HideSolutionNode = FALSE
	EndGlobalSection
	GlobalSection(ExtensibilityGlobals) = postSolution
		SolutionGuid = {B94D9334-AB51-4CC8-9480-70F8656A5DFD}
	EndGlobalSection
EndGlobal
